
Microsoft Visual Studio Solution File, Format Version 12.00
# Visual Studio Version 17
VisualStudioVersion = 17.14.36616.10
MinimumVisualStudioVersion = 10.0.40219.1
Project("{2150E333-8FDC-42A3-9474-1A3956D46DE8}") = "App", "App", "{02EA681E-C7D8-13C7-8484-4AC65E1B71E8}"
EndProject
Project("{2150E333-8FDC-42A3-9474-1A3956D46DE8}") = "Core", "Core", "{498306CB-235F-4F56-AF30-858D53393C8E}"
EndProject
Project("{2150E333-8FDC-42A3-9474-1A3956D46DE8}") = "Sql", "Sql", "{8328A0CD-15BE-42E0-A5DA-7CDFCC255E62}"
EndProject
Project("{2150E333-8FDC-42A3-9474-1A3956D46DE8}") = "Tests", "Tests", "{1804F179-190B-4746-8E45-117A952CC6B1}"
EndProject
Project("{FAE04EC0-301F-11D3-BF4B-00C04F79EFBC}") = "Diary.App", "Diary.App\Diary.App.csproj", "{6006423B-E743-43C9-9AAE-33E5FB58E938}"
EndProject
Project("{FAE04EC0-301F-11D3-BF4B-00C04F79EFBC}") = "Diary.Core", "Diary.Core\Diary.Core.csproj", "{1D52EA73-6D90-4FAE-BB5C-5F0EA85D0F4E}"
EndProject
Project("{FAE04EC0-301F-11D3-BF4B-00C04F79EFBC}") = "Diary.Database", "Diary.Database\Diary.Database.csproj", "{D5EE2246-0A61-4AE6-BA47-D251BD05A89F}"
EndProject
Project("{FAE04EC0-301F-11D3-BF4B-00C04F79EFBC}") = "Diary.Db.SQLite", "Diary.Db.SQLite\Diary.Db.SQLite.csproj", "{AEF54451-29CD-46E4-9EC3-AC7F45BB63A6}"
EndProject
Project("{FAE04EC0-301F-11D3-BF4B-00C04F79EFBC}") = "Diary.Db.PostgreSQL", "Diary.Db.PostgreSQL\Diary.Db.PostgreSQL.csproj", "{DA43C49C-17E9-4DF2-8ED7-43BBFC5F4F02}"
EndProject
Project("{FAE04EC0-301F-11D3-BF4B-00C04F79EFBC}") = "Diary.UtilTests", "Diary.UtilTests\Diary.UtilTests.csproj", "{E5B7A075-D71B-4B6C-99BF-46A77460A9D5}"
EndProject
Project("{2150E333-8FDC-42A3-9474-1A3956D46DE8}") = "Tools", "Tools", "{5ADD1E3F-4C5C-4BE4-94D2-995B89DD88C7}"
EndProject
Project("{FAE04EC0-301F-11D3-BF4B-00C04F79EFBC}") = "Diary.Utils", "Diary.Utils\Diary.Utils.csproj", "{1E048780-B931-47FF-B24C-BBC6E274F26D}"
EndProject
Project("{2150E333-8FDC-42A3-9474-1A3956D46DE8}") = "Integrations", "Integrations", "{4958D7D8-4791-2CCE-6FFA-082B65933577}"
EndProject
Project("{FAE04EC0-301F-11D3-BF4B-00C04F79EFBC}") = "Diary.RedMine", "Diary.RedMine\Diary.RedMine.csproj", "{702E1E6C-8107-4BF7-8ACE-CEEFEB93AD24}"
EndProject
Project("{FAE04EC0-301F-11D3-BF4B-00C04F79EFBC}") = "Diary.RedMineTests", "Diary.RedMineTests\Diary.RedMineTests.csproj", "{FED9F320-76D5-45C3-8C4E-AEA29184BEA2}"
EndProject
Project("{FAE04EC0-301F-11D3-BF4B-00C04F79EFBC}") = "Diary.VersionGenerator", "Diary.VersionGenerator\Diary.VersionGenerator.csproj", "{2F4E7DF8-53FA-4CBB-A103-8C788F81BFBD}"
EndProject
Project("{FAE04EC0-301F-11D3-BF4B-00C04F79EFBC}") = "Diary.Survey", "Diary.Survey\Diary.Survey.csproj", "{317F6C88-9B9F-4DD4-8B38-2A09A9F6ECA3}"
EndProject
Project("{FAE04EC0-301F-11D3-BF4B-00C04F79EFBC}") = "Diary.SurveyTests", "Diary.SurveyTests\Diary.SurveyTests.csproj", "{C458E499-7EB6-4621-9AEE-9BEFD9365532}"
EndProject
Project("{FAE04EC0-301F-11D3-BF4B-00C04F79EFBC}") = "Diary.MigrationTool", "Diary.MigrationTool\Diary.MigrationTool.csproj", "{AB3BAB6F-2914-4C32-B7EF-37DD5C36416D}"
EndProject
Project("{2150E333-8FDC-42A3-9474-1A3956D46DE8}") = "Scripting", "Scripting", "{1C00FB57-26BD-4EA4-BCB2-8D803C428110}"
EndProject
Project("{2150E333-8FDC-42A3-9474-1A3956D46DE8}") = "Plugin", "Plugin", "{A8436469-F4C6-43AF-B172-51CE0C1EA27A}"
EndProject
Project("{FAE04EC0-301F-11D3-BF4B-00C04F79EFBC}") = "Diary.ScriptBase", "Diary.ScriptBase\Diary.ScriptBase.csproj", "{E682BCF6-410E-478A-BCB2-2231AEB1EDBE}"
EndProject
Project("{FAE04EC0-301F-11D3-BF4B-00C04F79EFBC}") = "Diary.ScriptHost", "Diary.ScriptHost\Diary.ScriptHost.csproj", "{B41ED7D0-211A-47EF-A163-D58334A5A1F1}"
EndProject
Project("{FAE04EC0-301F-11D3-BF4B-00C04F79EFBC}") = "Diary.Script.Runtime", "Diary.Script.Runtime\Diary.Script.Runtime.csproj", "{A8EA7C53-9BD1-4BDD-895A-415FB22033D8}"
EndProject
Project("{FAE04EC0-301F-11D3-BF4B-00C04F79EFBC}") = "Diary.ScriptTests", "Diary.ScriptTests\Diary.ScriptTests.csproj", "{934728F1-8E6B-4443-A18D-138F1515F3DE}"
EndProject
Project("{FAE04EC0-301F-11D3-BF4B-00C04F79EFBC}") = "Diary.Script.CSharp", "Diary.Script.CSharp\Diary.Script.CSharp.csproj", "{C7FEDCB4-9672-4714-956D-C909CAFB619A}"
EndProject
Project("{FAE04EC0-301F-11D3-BF4B-00C04F79EFBC}") = "Diary.Script.Python", "Diary.Script.Python\Diary.Script.Python.csproj", "{46FF4F06-72FB-4FCE-A092-7FC0199F5701}"
EndProject
Project("{FAE04EC0-301F-11D3-BF4B-00C04F79EFBC}") = "Diary.Script.Lua", "Diary.Script.Lua\Diary.Script.Lua.csproj", "{4D9408B4-F9B1-46B7-8EA8-7CF51BC9A84C}"
EndProject
Project("{FAE04EC0-301F-11D3-BF4B-00C04F79EFBC}") = "Diary.GUIBase", "Diary.GUIBase\Diary.GUIBase.csproj", "{7AC9FB7C-1F33-4895-AB7D-5275EA9A9E99}"
EndProject
Project("{FAE04EC0-301F-11D3-BF4B-00C04F79EFBC}") = "Diary.DbTests", "Diary.DbTests\Diary.DbTests.csproj", "{9C01636B-EB61-4065-84BC-625E48B53BA1}"
EndProject
Project("{FAE04EC0-301F-11D3-BF4B-00C04F79EFBC}") = "Diary.PluginBase", "Diary.PluginBase\Diary.PluginBase.csproj", "{E76E9D29-AA7B-4991-B074-D34ED61BA1FD}"
EndProject
Project("{FAE04EC0-301F-11D3-BF4B-00C04F79EFBC}") = "Diary.PluginUI", "Diary.PluginUI\Diary.PluginUI.csproj", "{63F7FF42-841C-46D5-AA06-D061B31EE0C1}"
EndProject
Project("{FAE04EC0-301F-11D3-BF4B-00C04F79EFBC}") = "Diary.RedMine.UI", "Diary.RedMine.UI\Diary.RedMine.UI.csproj", "{8D559139-6B72-4AD2-829A-5C74F6698DDB}"
EndProject
Project("{FAE04EC0-301F-11D3-BF4B-00C04F79EFBC}") = "Diary.RedMine.SQLite", "Diary.RedMine.SQLite\Diary.RedMine.SQLite.csproj", "{E0729345-C2E4-4EA7-B82F-C97CE34D3EB1}"
EndProject
Project("{FAE04EC0-301F-11D3-BF4B-00C04F79EFBC}") = "Diary.RedMine.PostgreSQL", "Diary.RedMine.PostgreSQL\Diary.RedMine.PostgreSQL.csproj", "{2639E7C7-A3C9-43BB-85FD-3AA98CB899A9}"
EndProject
Project("{FAE04EC0-301F-11D3-BF4B-00C04F79EFBC}") = "Diary.Script.Worker", "Diary.Script.Worker\Diary.Script.Worker.csproj", "{055D165A-FCC9-4BBF-B852-7B218D884AC4}"
EndProject
Project("{FAE04EC0-301F-11D3-BF4B-00C04F79EFBC}") = "Diary.AppTests", "Diary.AppTests\Diary.AppTests.csproj", "{6D70839F-CEF9-4D7A-9112-8D927DE62E9F}"
EndProject
Project("{FAE04EC0-301F-11D3-BF4B-00C04F79EFBC}") = "Diary.Jira", "Diary.Jira\Diary.Jira.csproj", "{F49DA261-9138-4C55-9330-C79C06A21324}"
EndProject
Project("{FAE04EC0-301F-11D3-BF4B-00C04F79EFBC}") = "Diary.Jira.SQLite", "Diary.Jira.SQLite\Diary.Jira.SQLite.csproj", "{3438B82B-2070-4954-8416-CC8CFB936902}"
EndProject
Project("{FAE04EC0-301F-11D3-BF4B-00C04F79EFBC}") = "Diary.Jira.PostgreSQL", "Diary.Jira.PostgreSQL\Diary.Jira.PostgreSQL.csproj", "{7F32288B-E44D-4551-81C0-B311EDEE2994}"
EndProject
Project("{FAE04EC0-301F-11D3-BF4B-00C04F79EFBC}") = "Diary.JiraTests", "Diary.JiraTests\Diary.JiraTests.csproj", "{2F6EDFD3-15CF-4F4D-B123-2E3E229B006D}"
EndProject
Project("{FAE04EC0-301F-11D3-BF4B-00C04F79EFBC}") = "Diary.Jira.UI", "Diary.Jira.UI\Diary.Jira.UI.csproj", "{E2709733-66B2-4AAD-BE2A-6EC724E4E459}"
EndProject
Global
	GlobalSection(SolutionConfigurationPlatforms) = preSolution
		Debug|Any CPU = Debug|Any CPU
		Debug|x64 = Debug|x64
		Debug|x86 = Debug|x86
		Release|Any CPU = Release|Any CPU
		Release|x64 = Release|x64
		Release|x86 = Release|x86
	EndGlobalSection
	GlobalSection(ProjectConfigurationPlatforms) = postSolution
		{6006423B-E743-43C9-9AAE-33E5FB58E938}.Debug|Any CPU.ActiveCfg = Debug|Any CPU
		{6006423B-E743-43C9-9AAE-33E5FB58E938}.Debug|Any CPU.Build.0 = Debug|Any CPU
		{6006423B-E743-43C9-9AAE-33E5FB58E938}.Debug|x64.ActiveCfg = Debug|Any CPU
		{6006423B-E743-43C9-9AAE-33E5FB58E938}.Debug|x64.Build.0 = Debug|Any CPU
		{6006423B-E743-43C9-9AAE-33E5FB58E938}.Debug|x86.ActiveCfg = Debug|Any CPU
		{6006423B-E743-43C9-9AAE-33E5FB58E938}.Debug|x86.Build.0 = Debug|Any CPU
		{6006423B-E743-43C9-9AAE-33E5FB58E938}.Release|Any CPU.ActiveCfg = Release|Any CPU
		{6006423B-E743-43C9-9AAE-33E5FB58E938}.Release|Any CPU.Build.0 = Release|Any CPU
		{6006423B-E743-43C9-9AAE-33E5FB58E938}.Release|x64.ActiveCfg = Release|Any CPU
		{6006423B-E743-43C9-9AAE-33E5FB58E938}.Release|x64.Build.0 = Release|Any CPU
		{6006423B-E743-43C9-9AAE-33E5FB58E938}.Release|x86.ActiveCfg = Release|Any CPU
		{6006423B-E743-43C9-9AAE-33E5FB58E938}.Release|x86.Build.0 = Release|Any CPU
		{1D52EA73-6D90-4FAE-BB5C-5F0EA85D0F4E}.Debug|Any CPU.ActiveCfg = Debug|Any CPU
		{1D52EA73-6D90-4FAE-BB5C-5F0EA85D0F4E}.Debug|Any CPU.Build.0 = Debug|Any CPU
		{1D52EA73-6D90-4FAE-BB5C-5F0EA85D0F4E}.Debug|x64.ActiveCfg = Debug|Any CPU
		{1D52EA73-6D90-4FAE-BB5C-5F0EA85D0F4E}.Debug|x64.Build.0 = Debug|Any CPU
		{1D52EA73-6D90-4FAE-BB5C-5F0EA85D0F4E}.Debug|x86.ActiveCfg = Debug|Any CPU
		{1D52EA73-6D90-4FAE-BB5C-5F0EA85D0F4E}.Debug|x86.Build.0 = Debug|Any CPU
		{1D52EA73-6D90-4FAE-BB5C-5F0EA85D0F4E}.Release|Any CPU.ActiveCfg = Release|Any CPU
		{1D52EA73-6D90-4FAE-BB5C-5F0EA85D0F4E}.Release|Any CPU.Build.0 = Release|Any CPU
		{1D52EA73-6D90-4FAE-BB5C-5F0EA85D0F4E}.Release|x64.ActiveCfg = Release|Any CPU
		{1D52EA73-6D90-4FAE-BB5C-5F0EA85D0F4E}.Release|x64.Build.0 = Release|Any CPU
		{1D52EA73-6D90-4FAE-BB5C-5F0EA85D0F4E}.Release|x86.ActiveCfg = Release|Any CPU
		{1D52EA73-6D90-4FAE-BB5C-5F0EA85D0F4E}.Release|x86.Build.0 = Release|Any CPU
		{D5EE2246-0A61-4AE6-BA47-D251BD05A89F}.Debug|Any CPU.ActiveCfg = Debug|Any CPU
		{D5EE2246-0A61-4AE6-BA47-D251BD05A89F}.Debug|Any CPU.Build.0 = Debug|Any CPU
		{D5EE2246-0A61-4AE6-BA47-D251BD05A89F}.Debug|x64.ActiveCfg = Debug|Any CPU
		{D5EE2246-0A61-4AE6-BA47-D251BD05A89F}.Debug|x64.Build.0 = Debug|Any CPU
		{D5EE2246-0A61-4AE6-BA47-D251BD05A89F}.Debug|x86.ActiveCfg = Debug|Any CPU
		{D5EE2246-0A61-4AE6-BA47-D251BD05A89F}.Debug|x86.Build.0 = Debug|Any CPU
		{D5EE2246-0A61-4AE6-BA47-D251BD05A89F}.Release|Any CPU.ActiveCfg = Release|Any CPU
		{D5EE2246-0A61-4AE6-BA47-D251BD05A89F}.Release|Any CPU.Build.0 = Release|Any CPU
		{D5EE2246-0A61-4AE6-BA47-D251BD05A89F}.Release|x64.ActiveCfg = Release|Any CPU
		{D5EE2246-0A61-4AE6-BA47-D251BD05A89F}.Release|x64.Build.0 = Release|Any CPU
		{D5EE2246-0A61-4AE6-BA47-D251BD05A89F}.Release|x86.ActiveCfg = Release|Any CPU
		{D5EE2246-0A61-4AE6-BA47-D251BD05A89F}.Release|x86.Build.0 = Release|Any CPU
		{AEF54451-29CD-46E4-9EC3-AC7F45BB63A6}.Debug|Any CPU.ActiveCfg = Debug|Any CPU
		{AEF54451-29CD-46E4-9EC3-AC7F45BB63A6}.Debug|Any CPU.Build.0 = Debug|Any CPU
		{AEF54451-29CD-46E4-9EC3-AC7F45BB63A6}.Debug|x64.ActiveCfg = Debug|Any CPU
		{AEF54451-29CD-46E4-9EC3-AC7F45BB63A6}.Debug|x64.Build.0 = Debug|Any CPU
		{AEF54451-29CD-46E4-9EC3-AC7F45BB63A6}.Debug|x86.ActiveCfg = Debug|Any CPU
		{AEF54451-29CD-46E4-9EC3-AC7F45BB63A6}.Debug|x86.Build.0 = Debug|Any CPU
		{AEF54451-29CD-46E4-9EC3-AC7F45BB63A6}.Release|Any CPU.ActiveCfg = Release|Any CPU
		{AEF54451-29CD-46E4-9EC3-AC7F45BB63A6}.Release|Any CPU.Build.0 = Release|Any CPU
		{AEF54451-29CD-46E4-9EC3-AC7F45BB63A6}.Release|x64.ActiveCfg = Release|Any CPU
		{AEF54451-29CD-46E4-9EC3-AC7F45BB63A6}.Release|x64.Build.0 = Release|Any CPU
		{AEF54451-29CD-46E4-9EC3-AC7F45BB63A6}.Release|x86.ActiveCfg = Release|Any CPU
		{AEF54451-29CD-46E4-9EC3-AC7F45BB63A6}.Release|x86.Build.0 = Release|Any CPU
		{DA43C49C-17E9-4DF2-8ED7-43BBFC5F4F02}.Debug|Any CPU.ActiveCfg = Debug|Any CPU
		{DA43C49C-17E9-4DF2-8ED7-43BBFC5F4F02}.Debug|Any CPU.Build.0 = Debug|Any CPU
		{DA43C49C-17E9-4DF2-8ED7-43BBFC5F4F02}.Debug|x64.ActiveCfg = Debug|Any CPU
		{DA43C49C-17E9-4DF2-8ED7-43BBFC5F4F02}.Debug|x64.Build.0 = Debug|Any CPU
		{DA43C49C-17E9-4DF2-8ED7-43BBFC5F4F02}.Debug|x86.ActiveCfg = Debug|Any CPU
		{DA43C49C-17E9-4DF2-8ED7-43BBFC5F4F02}.Debug|x86.Build.0 = Debug|Any CPU
		{DA43C49C-17E9-4DF2-8ED7-43BBFC5F4F02}.Release|Any CPU.ActiveCfg = Release|Any CPU
		{DA43C49C-17E9-4DF2-8ED7-43BBFC5F4F02}.Release|Any CPU.Build.0 = Release|Any CPU
		{DA43C49C-17E9-4DF2-8ED7-43BBFC5F4F02}.Release|x64.ActiveCfg = Release|Any CPU
		{DA43C49C-17E9-4DF2-8ED7-43BBFC5F4F02}.Release|x64.Build.0 = Release|Any CPU
		{DA43C49C-17E9-4DF2-8ED7-43BBFC5F4F02}.Release|x86.ActiveCfg = Release|Any CPU
		{DA43C49C-17E9-4DF2-8ED7-43BBFC5F4F02}.Release|x86.Build.0 = Release|Any CPU
		{E5B7A075-D71B-4B6C-99BF-46A77460A9D5}.Debug|Any CPU.ActiveCfg = Debug|Any CPU
		{E5B7A075-D71B-4B6C-99BF-46A77460A9D5}.Debug|Any CPU.Build.0 = Debug|Any CPU
		{E5B7A075-D71B-4B6C-99BF-46A77460A9D5}.Debug|x64.ActiveCfg = Debug|Any CPU
		{E5B7A075-D71B-4B6C-99BF-46A77460A9D5}.Debug|x64.Build.0 = Debug|Any CPU
		{E5B7A075-D71B-4B6C-99BF-46A77460A9D5}.Debug|x86.ActiveCfg = Debug|Any CPU
		{E5B7A075-D71B-4B6C-99BF-46A77460A9D5}.Debug|x86.Build.0 = Debug|Any CPU
		{E5B7A075-D71B-4B6C-99BF-46A77460A9D5}.Release|Any CPU.ActiveCfg = Release|Any CPU
		{E5B7A075-D71B-4B6C-99BF-46A77460A9D5}.Release|Any CPU.Build.0 = Release|Any CPU
		{E5B7A075-D71B-4B6C-99BF-46A77460A9D5}.Release|x64.ActiveCfg = Release|Any CPU
		{E5B7A075-D71B-4B6C-99BF-46A77460A9D5}.Release|x64.Build.0 = Release|Any CPU
		{E5B7A075-D71B-4B6C-99BF-46A77460A9D5}.Release|x86.ActiveCfg = Release|Any CPU
		{E5B7A075-D71B-4B6C-99BF-46A77460A9D5}.Release|x86.Build.0 = Release|Any CPU
		{1E048780-B931-47FF-B24C-BBC6E274F26D}.Debug|Any CPU.ActiveCfg = Debug|Any CPU
		{1E048780-B931-47FF-B24C-BBC6E274F26D}.Debug|Any CPU.Build.0 = Debug|Any CPU
		{1E048780-B931-47FF-B24C-BBC6E274F26D}.Debug|x64.ActiveCfg = Debug|Any CPU
		{1E048780-B931-47FF-B24C-BBC6E274F26D}.Debug|x64.Build.0 = Debug|Any CPU
		{1E048780-B931-47FF-B24C-BBC6E274F26D}.Debug|x86.ActiveCfg = Debug|Any CPU
		{1E048780-B931-47FF-B24C-BBC6E274F26D}.Debug|x86.Build.0 = Debug|Any CPU
		{1E048780-B931-47FF-B24C-BBC6E274F26D}.Release|Any CPU.ActiveCfg = Release|Any CPU
		{1E048780-B931-47FF-B24C-BBC6E274F26D}.Release|Any CPU.Build.0 = Release|Any CPU
		{1E048780-B931-47FF-B24C-BBC6E274F26D}.Release|x64.ActiveCfg = Release|Any CPU
		{1E048780-B931-47FF-B24C-BBC6E274F26D}.Release|x64.Build.0 = Release|Any CPU
		{1E048780-B931-47FF-B24C-BBC6E274F26D}.Release|x86.ActiveCfg = Release|Any CPU
		{1E048780-B931-47FF-B24C-BBC6E274F26D}.Release|x86.Build.0 = Release|Any CPU
		{702E1E6C-8107-4BF7-8ACE-CEEFEB93AD24}.Debug|Any CPU.ActiveCfg = Debug|Any CPU
		{702E1E6C-8107-4BF7-8ACE-CEEFEB93AD24}.Debug|Any CPU.Build.0 = Debug|Any CPU
		{702E1E6C-8107-4BF7-8ACE-CEEFEB93AD24}.Debug|x64.ActiveCfg = Debug|Any CPU
		{702E1E6C-8107-4BF7-8ACE-CEEFEB93AD24}.Debug|x64.Build.0 = Debug|Any CPU
		{702E1E6C-8107-4BF7-8ACE-CEEFEB93AD24}.Debug|x86.ActiveCfg = Debug|Any CPU
		{702E1E6C-8107-4BF7-8ACE-CEEFEB93AD24}.Debug|x86.Build.0 = Debug|Any CPU
		{702E1E6C-8107-4BF7-8ACE-CEEFEB93AD24}.Release|Any CPU.ActiveCfg = Release|Any CPU
		{702E1E6C-8107-4BF7-8ACE-CEEFEB93AD24}.Release|Any CPU.Build.0 = Release|Any CPU
		{702E1E6C-8107-4BF7-8ACE-CEEFEB93AD24}.Release|x64.ActiveCfg = Release|Any CPU
		{702E1E6C-8107-4BF7-8ACE-CEEFEB93AD24}.Release|x64.Build.0 = Release|Any CPU
		{702E1E6C-8107-4BF7-8ACE-CEEFEB93AD24}.Release|x86.ActiveCfg = Release|Any CPU
		{702E1E6C-8107-4BF7-8ACE-CEEFEB93AD24}.Release|x86.Build.0 = Release|Any CPU
		{FED9F320-76D5-45C3-8C4E-AEA29184BEA2}.Debug|Any CPU.ActiveCfg = Debug|Any CPU
		{FED9F320-76D5-45C3-8C4E-AEA29184BEA2}.Debug|Any CPU.Build.0 = Debug|Any CPU
		{FED9F320-76D5-45C3-8C4E-AEA29184BEA2}.Debug|x64.ActiveCfg = Debug|Any CPU
		{FED9F320-76D5-45C3-8C4E-AEA29184BEA2}.Debug|x64.Build.0 = Debug|Any CPU
		{FED9F320-76D5-45C3-8C4E-AEA29184BEA2}.Debug|x86.ActiveCfg = Debug|Any CPU
		{FED9F320-76D5-45C3-8C4E-AEA29184BEA2}.Debug|x86.Build.0 = Debug|Any CPU
		{FED9F320-76D5-45C3-8C4E-AEA29184BEA2}.Release|Any CPU.ActiveCfg = Release|Any CPU
		{FED9F320-76D5-45C3-8C4E-AEA29184BEA2}.Release|Any CPU.Build.0 = Release|Any CPU
		{FED9F320-76D5-45C3-8C4E-AEA29184BEA2}.Release|x64.ActiveCfg = Release|Any CPU
		{FED9F320-76D5-45C3-8C4E-AEA29184BEA2}.Release|x64.Build.0 = Release|Any CPU
		{FED9F320-76D5-45C3-8C4E-AEA29184BEA2}.Release|x86.ActiveCfg = Release|Any CPU
		{FED9F320-76D5-45C3-8C4E-AEA29184BEA2}.Release|x86.Build.0 = Release|Any CPU
		{2F4E7DF8-53FA-4CBB-A103-8C788F81BFBD}.Debug|Any CPU.ActiveCfg = Debug|Any CPU
		{2F4E7DF8-53FA-4CBB-A103-8C788F81BFBD}.Debug|Any CPU.Build.0 = Debug|Any CPU
		{2F4E7DF8-53FA-4CBB-A103-8C788F81BFBD}.Debug|x64.ActiveCfg = Debug|Any CPU
		{2F4E7DF8-53FA-4CBB-A103-8C788F81BFBD}.Debug|x64.Build.0 = Debug|Any CPU
		{2F4E7DF8-53FA-4CBB-A103-8C788F81BFBD}.Debug|x86.ActiveCfg = Debug|Any CPU
		{2F4E7DF8-53FA-4CBB-A103-8C788F81BFBD}.Debug|x86.Build.0 = Debug|Any CPU
		{2F4E7DF8-53FA-4CBB-A103-8C788F81BFBD}.Release|Any CPU.ActiveCfg = Release|Any CPU
		{2F4E7DF8-53FA-4CBB-A103-8C788F81BFBD}.Release|Any CPU.Build.0 = Release|Any CPU
		{2F4E7DF8-53FA-4CBB-A103-8C788F81BFBD}.Release|x64.ActiveCfg = Release|Any CPU
		{2F4E7DF8-53FA-4CBB-A103-8C788F81BFBD}.Release|x64.Build.0 = Release|Any CPU
		{2F4E7DF8-53FA-4CBB-A103-8C788F81BFBD}.Release|x86.ActiveCfg = Release|Any CPU
		{2F4E7DF8-53FA-4CBB-A103-8C788F81BFBD}.Release|x86.Build.0 = Release|Any CPU
		{317F6C88-9B9F-4DD4-8B38-2A09A9F6ECA3}.Debug|Any CPU.ActiveCfg = Debug|Any CPU
		{317F6C88-9B9F-4DD4-8B38-2A09A9F6ECA3}.Debug|Any CPU.Build.0 = Debug|Any CPU
		{317F6C88-9B9F-4DD4-8B38-2A09A9F6ECA3}.Debug|x64.ActiveCfg = Debug|Any CPU
		{317F6C88-9B9F-4DD4-8B38-2A09A9F6ECA3}.Debug|x64.Build.0 = Debug|Any CPU
		{317F6C88-9B9F-4DD4-8B38-2A09A9F6ECA3}.Debug|x86.ActiveCfg = Debug|Any CPU
		{317F6C88-9B9F-4DD4-8B38-2A09A9F6ECA3}.Debug|x86.Build.0 = Debug|Any CPU
		{317F6C88-9B9F-4DD4-8B38-2A09A9F6ECA3}.Release|Any CPU.ActiveCfg = Release|Any CPU
		{317F6C88-9B9F-4DD4-8B38-2A09A9F6ECA3}.Release|Any CPU.Build.0 = Release|Any CPU
		{317F6C88-9B9F-4DD4-8B38-2A09A9F6ECA3}.Release|x64.ActiveCfg = Release|Any CPU
		{317F6C88-9B9F-4DD4-8B38-2A09A9F6ECA3}.Release|x64.Build.0 = Release|Any CPU
		{317F6C88-9B9F-4DD4-8B38-2A09A9F6ECA3}.Release|x86.ActiveCfg = Release|Any CPU
		{317F6C88-9B9F-4DD4-8B38-2A09A9F6ECA3}.Release|x86.Build.0 = Release|Any CPU
		{C458E499-7EB6-4621-9AEE-9BEFD9365532}.Debug|Any CPU.ActiveCfg = Debug|Any CPU
		{C458E499-7EB6-4621-9AEE-9BEFD9365532}.Debug|Any CPU.Build.0 = Debug|Any CPU
		{C458E499-7EB6-4621-9AEE-9BEFD9365532}.Debug|x64.ActiveCfg = Debug|Any CPU
		{C458E499-7EB6-4621-9AEE-9BEFD9365532}.Debug|x64.Build.0 = Debug|Any CPU
		{C458E499-7EB6-4621-9AEE-9BEFD9365532}.Debug|x86.ActiveCfg = Debug|Any CPU
		{C458E499-7EB6-4621-9AEE-9BEFD9365532}.Debug|x86.Build.0 = Debug|Any CPU
		{C458E499-7EB6-4621-9AEE-9BEFD9365532}.Release|Any CPU.ActiveCfg = Release|Any CPU
		{C458E499-7EB6-4621-9AEE-9BEFD9365532}.Release|Any CPU.Build.0 = Release|Any CPU
		{C458E499-7EB6-4621-9AEE-9BEFD9365532}.Release|x64.ActiveCfg = Release|Any CPU
		{C458E499-7EB6-4621-9AEE-9BEFD9365532}.Release|x64.Build.0 = Release|Any CPU
		{C458E499-7EB6-4621-9AEE-9BEFD9365532}.Release|x86.ActiveCfg = Release|Any CPU
		{C458E499-7EB6-4621-9AEE-9BEFD9365532}.Release|x86.Build.0 = Release|Any CPU
		{AB3BAB6F-2914-4C32-B7EF-37DD5C36416D}.Debug|Any CPU.ActiveCfg = Debug|Any CPU
		{AB3BAB6F-2914-4C32-B7EF-37DD5C36416D}.Debug|Any CPU.Build.0 = Debug|Any CPU
		{AB3BAB6F-2914-4C32-B7EF-37DD5C36416D}.Debug|x64.ActiveCfg = Debug|Any CPU
		{AB3BAB6F-2914-4C32-B7EF-37DD5C36416D}.Debug|x64.Build.0 = Debug|Any CPU
		{AB3BAB6F-2914-4C32-B7EF-37DD5C36416D}.Debug|x86.ActiveCfg = Debug|Any CPU
		{AB3BAB6F-2914-4C32-B7EF-37DD5C36416D}.Debug|x86.Build.0 = Debug|Any CPU
		{AB3BAB6F-2914-4C32-B7EF-37DD5C36416D}.Release|Any CPU.ActiveCfg = Release|Any CPU
		{AB3BAB6F-2914-4C32-B7EF-37DD5C36416D}.Release|Any CPU.Build.0 = Release|Any CPU
		{AB3BAB6F-2914-4C32-B7EF-37DD5C36416D}.Release|x64.ActiveCfg = Release|Any CPU
		{AB3BAB6F-2914-4C32-B7EF-37DD5C36416D}.Release|x64.Build.0 = Release|Any CPU
		{AB3BAB6F-2914-4C32-B7EF-37DD5C36416D}.Release|x86.ActiveCfg = Release|Any CPU
		{AB3BAB6F-2914-4C32-B7EF-37DD5C36416D}.Release|x86.Build.0 = Release|Any CPU
		{E682BCF6-410E-478A-BCB2-2231AEB1EDBE}.Debug|Any CPU.ActiveCfg = Debug|Any CPU
		{E682BCF6-410E-478A-BCB2-2231AEB1EDBE}.Debug|Any CPU.Build.0 = Debug|Any CPU
		{E682BCF6-410E-478A-BCB2-2231AEB1EDBE}.Debug|x64.ActiveCfg = Debug|Any CPU
		{E682BCF6-410E-478A-BCB2-2231AEB1EDBE}.Debug|x64.Build.0 = Debug|Any CPU
		{E682BCF6-410E-478A-BCB2-2231AEB1EDBE}.Debug|x86.ActiveCfg = Debug|Any CPU
		{E682BCF6-410E-478A-BCB2-2231AEB1EDBE}.Debug|x86.Build.0 = Debug|Any CPU
		{E682BCF6-410E-478A-BCB2-2231AEB1EDBE}.Release|Any CPU.ActiveCfg = Release|Any CPU
		{E682BCF6-410E-478A-BCB2-2231AEB1EDBE}.Release|Any CPU.Build.0 = Release|Any CPU
		{E682BCF6-410E-478A-BCB2-2231AEB1EDBE}.Release|x64.ActiveCfg = Release|Any CPU
		{E682BCF6-410E-478A-BCB2-2231AEB1EDBE}.Release|x64.Build.0 = Release|Any CPU
		{E682BCF6-410E-478A-BCB2-2231AEB1EDBE}.Release|x86.ActiveCfg = Release|Any CPU
		{E682BCF6-410E-478A-BCB2-2231AEB1EDBE}.Release|x86.Build.0 = Release|Any CPU
		{B41ED7D0-211A-47EF-A163-D58334A5A1F1}.Debug|Any CPU.ActiveCfg = Debug|Any CPU
		{B41ED7D0-211A-47EF-A163-D58334A5A1F1}.Debug|Any CPU.Build.0 = Debug|Any CPU
		{B41ED7D0-211A-47EF-A163-D58334A5A1F1}.Debug|x64.ActiveCfg = Debug|Any CPU
		{B41ED7D0-211A-47EF-A163-D58334A5A1F1}.Debug|x64.Build.0 = Debug|Any CPU
		{B41ED7D0-211A-47EF-A163-D58334A5A1F1}.Debug|x86.ActiveCfg = Debug|Any CPU
		{B41ED7D0-211A-47EF-A163-D58334A5A1F1}.Debug|x86.Build.0 = Debug|Any CPU
		{B41ED7D0-211A-47EF-A163-D58334A5A1F1}.Release|Any CPU.ActiveCfg = Release|Any CPU
		{B41ED7D0-211A-47EF-A163-D58334A5A1F1}.Release|Any CPU.Build.0 = Release|Any CPU
		{B41ED7D0-211A-47EF-A163-D58334A5A1F1}.Release|x64.ActiveCfg = Release|Any CPU
		{B41ED7D0-211A-47EF-A163-D58334A5A1F1}.Release|x64.Build.0 = Release|Any CPU
		{B41ED7D0-211A-47EF-A163-D58334A5A1F1}.Release|x86.ActiveCfg = Release|Any CPU
		{B41ED7D0-211A-47EF-A163-D58334A5A1F1}.Release|x86.Build.0 = Release|Any CPU
		{A8EA7C53-9BD1-4BDD-895A-415FB22033D8}.Debug|Any CPU.ActiveCfg = Debug|Any CPU
		{A8EA7C53-9BD1-4BDD-895A-415FB22033D8}.Debug|Any CPU.Build.0 = Debug|Any CPU
		{A8EA7C53-9BD1-4BDD-895A-415FB22033D8}.Debug|x64.ActiveCfg = Debug|Any CPU
		{A8EA7C53-9BD1-4BDD-895A-415FB22033D8}.Debug|x64.Build.0 = Debug|Any CPU
		{A8EA7C53-9BD1-4BDD-895A-415FB22033D8}.Debug|x86.ActiveCfg = Debug|Any CPU
		{A8EA7C53-9BD1-4BDD-895A-415FB22033D8}.Debug|x86.Build.0 = Debug|Any CPU
		{A8EA7C53-9BD1-4BDD-895A-415FB22033D8}.Release|Any CPU.ActiveCfg = Release|Any CPU
		{A8EA7C53-9BD1-4BDD-895A-415FB22033D8}.Release|Any CPU.Build.0 = Release|Any CPU
		{A8EA7C53-9BD1-4BDD-895A-415FB22033D8}.Release|x64.ActiveCfg = Release|Any CPU
		{A8EA7C53-9BD1-4BDD-895A-415FB22033D8}.Release|x64.Build.0 = Release|Any CPU
		{A8EA7C53-9BD1-4BDD-895A-415FB22033D8}.Release|x86.ActiveCfg = Release|Any CPU
		{A8EA7C53-9BD1-4BDD-895A-415FB22033D8}.Release|x86.Build.0 = Release|Any CPU
		{934728F1-8E6B-4443-A18D-138F1515F3DE}.Debug|Any CPU.ActiveCfg = Debug|Any CPU
		{934728F1-8E6B-4443-A18D-138F1515F3DE}.Debug|Any CPU.Build.0 = Debug|Any CPU
		{934728F1-8E6B-4443-A18D-138F1515F3DE}.Debug|x64.ActiveCfg = Debug|Any CPU
		{934728F1-8E6B-4443-A18D-138F1515F3DE}.Debug|x64.Build.0 = Debug|Any CPU
		{934728F1-8E6B-4443-A18D-138F1515F3DE}.Debug|x86.ActiveCfg = Debug|Any CPU
		{934728F1-8E6B-4443-A18D-138F1515F3DE}.Debug|x86.Build.0 = Debug|Any CPU
		{934728F1-8E6B-4443-A18D-138F1515F3DE}.Release|Any CPU.ActiveCfg = Release|Any CPU
		{934728F1-8E6B-4443-A18D-138F1515F3DE}.Release|Any CPU.Build.0 = Release|Any CPU
		{934728F1-8E6B-4443-A18D-138F1515F3DE}.Release|x64.ActiveCfg = Release|Any CPU
		{934728F1-8E6B-4443-A18D-138F1515F3DE}.Release|x64.Build.0 = Release|Any CPU
		{934728F1-8E6B-4443-A18D-138F1515F3DE}.Release|x86.ActiveCfg = Release|Any CPU
		{934728F1-8E6B-4443-A18D-138F1515F3DE}.Release|x86.Build.0 = Release|Any CPU
		{C7FEDCB4-9672-4714-956D-C909CAFB619A}.Debug|Any CPU.ActiveCfg = Debug|Any CPU
		{C7FEDCB4-9672-4714-956D-C909CAFB619A}.Debug|Any CPU.Build.0 = Debug|Any CPU
		{C7FEDCB4-9672-4714-956D-C909CAFB619A}.Debug|x64.ActiveCfg = Debug|Any CPU
		{C7FEDCB4-9672-4714-956D-C909CAFB619A}.Debug|x64.Build.0 = Debug|Any CPU
		{C7FEDCB4-9672-4714-956D-C909CAFB619A}.Debug|x86.ActiveCfg = Debug|Any CPU
		{C7FEDCB4-9672-4714-956D-C909CAFB619A}.Debug|x86.Build.0 = Debug|Any CPU
		{C7FEDCB4-9672-4714-956D-C909CAFB619A}.Release|Any CPU.ActiveCfg = Release|Any CPU
		{C7FEDCB4-9672-4714-956D-C909CAFB619A}.Release|Any CPU.Build.0 = Release|Any CPU
		{C7FEDCB4-9672-4714-956D-C909CAFB619A}.Release|x64.ActiveCfg = Release|Any CPU
		{C7FEDCB4-9672-4714-956D-C909CAFB619A}.Release|x64.Build.0 = Release|Any CPU
		{C7FEDCB4-9672-4714-956D-C909CAFB619A}.Release|x86.ActiveCfg = Release|Any CPU
		{C7FEDCB4-9672-4714-956D-C909CAFB619A}.Release|x86.Build.0 = Release|Any CPU
		{46FF4F06-72FB-4FCE-A092-7FC0199F5701}.Debug|Any CPU.ActiveCfg = Debug|Any CPU
		{46FF4F06-72FB-4FCE-A092-7FC0199F5701}.Debug|Any CPU.Build.0 = Debug|Any CPU
		{46FF4F06-72FB-4FCE-A092-7FC0199F5701}.Debug|x64.ActiveCfg = Debug|Any CPU
		{46FF4F06-72FB-4FCE-A092-7FC0199F5701}.Debug|x64.Build.0 = Debug|Any CPU
		{46FF4F06-72FB-4FCE-A092-7FC0199F5701}.Debug|x86.ActiveCfg = Debug|Any CPU
		{46FF4F06-72FB-4FCE-A092-7FC0199F5701}.Debug|x86.Build.0 = Debug|Any CPU
		{46FF4F06-72FB-4FCE-A092-7FC0199F5701}.Release|Any CPU.ActiveCfg = Release|Any CPU
		{46FF4F06-72FB-4FCE-A092-7FC0199F5701}.Release|Any CPU.Build.0 = Release|Any CPU
		{46FF4F06-72FB-4FCE-A092-7FC0199F5701}.Release|x64.ActiveCfg = Release|Any CPU
		{46FF4F06-72FB-4FCE-A092-7FC0199F5701}.Release|x64.Build.0 = Release|Any CPU
		{46FF4F06-72FB-4FCE-A092-7FC0199F5701}.Release|x86.ActiveCfg = Release|Any CPU
		{46FF4F06-72FB-4FCE-A092-7FC0199F5701}.Release|x86.Build.0 = Release|Any CPU
		{4D9408B4-F9B1-46B7-8EA8-7CF51BC9A84C}.Debug|Any CPU.ActiveCfg = Debug|Any CPU
		{4D9408B4-F9B1-46B7-8EA8-7CF51BC9A84C}.Debug|Any CPU.Build.0 = Debug|Any CPU
		{4D9408B4-F9B1-46B7-8EA8-7CF51BC9A84C}.Debug|x64.ActiveCfg = Debug|Any CPU
		{4D9408B4-F9B1-46B7-8EA8-7CF51BC9A84C}.Debug|x64.Build.0 = Debug|Any CPU
		{4D9408B4-F9B1-46B7-8EA8-7CF51BC9A84C}.Debug|x86.ActiveCfg = Debug|Any CPU
		{4D9408B4-F9B1-46B7-8EA8-7CF51BC9A84C}.Debug|x86.Build.0 = Debug|Any CPU
		{4D9408B4-F9B1-46B7-8EA8-7CF51BC9A84C}.Release|Any CPU.ActiveCfg = Release|Any CPU
		{4D9408B4-F9B1-46B7-8EA8-7CF51BC9A84C}.Release|Any CPU.Build.0 = Release|Any CPU
		{4D9408B4-F9B1-46B7-8EA8-7CF51BC9A84C}.Release|x64.ActiveCfg = Release|Any CPU
		{4D9408B4-F9B1-46B7-8EA8-7CF51BC9A84C}.Release|x64.Build.0 = Release|Any CPU
		{4D9408B4-F9B1-46B7-8EA8-7CF51BC9A84C}.Release|x86.ActiveCfg = Release|Any CPU
		{4D9408B4-F9B1-46B7-8EA8-7CF51BC9A84C}.Release|x86.Build.0 = Release|Any CPU
		{7AC9FB7C-1F33-4895-AB7D-5275EA9A9E99}.Debug|Any CPU.ActiveCfg = Debug|Any CPU
		{7AC9FB7C-1F33-4895-AB7D-5275EA9A9E99}.Debug|Any CPU.Build.0 = Debug|Any CPU
		{7AC9FB7C-1F33-4895-AB7D-5275EA9A9E99}.Debug|x64.ActiveCfg = Debug|Any CPU
		{7AC9FB7C-1F33-4895-AB7D-5275EA9A9E99}.Debug|x64.Build.0 = Debug|Any CPU
		{7AC9FB7C-1F33-4895-AB7D-5275EA9A9E99}.Debug|x86.ActiveCfg = Debug|Any CPU
		{7AC9FB7C-1F33-4895-AB7D-5275EA9A9E99}.Debug|x86.Build.0 = Debug|Any CPU
		{7AC9FB7C-1F33-4895-AB7D-5275EA9A9E99}.Release|Any CPU.ActiveCfg = Release|Any CPU
		{7AC9FB7C-1F33-4895-AB7D-5275EA9A9E99}.Release|Any CPU.Build.0 = Release|Any CPU
		{7AC9FB7C-1F33-4895-AB7D-5275EA9A9E99}.Release|x64.ActiveCfg = Release|Any CPU
		{7AC9FB7C-1F33-4895-AB7D-5275EA9A9E99}.Release|x64.Build.0 = Release|Any CPU
		{7AC9FB7C-1F33-4895-AB7D-5275EA9A9E99}.Release|x86.ActiveCfg = Release|Any CPU
		{7AC9FB7C-1F33-4895-AB7D-5275EA9A9E99}.Release|x86.Build.0 = Release|Any CPU
		{9C01636B-EB61-4065-84BC-625E48B53BA1}.Debug|Any CPU.ActiveCfg = Debug|Any CPU
		{9C01636B-EB61-4065-84BC-625E48B53BA1}.Debug|Any CPU.Build.0 = Debug|Any CPU
		{9C01636B-EB61-4065-84BC-625E48B53BA1}.Debug|x64.ActiveCfg = Debug|Any CPU
		{9C01636B-EB61-4065-84BC-625E48B53BA1}.Debug|x64.Build.0 = Debug|Any CPU
		{9C01636B-EB61-4065-84BC-625E48B53BA1}.Debug|x86.ActiveCfg = Debug|Any CPU
		{9C01636B-EB61-4065-84BC-625E48B53BA1}.Debug|x86.Build.0 = Debug|Any CPU
		{9C01636B-EB61-4065-84BC-625E48B53BA1}.Release|Any CPU.ActiveCfg = Release|Any CPU
		{9C01636B-EB61-4065-84BC-625E48B53BA1}.Release|Any CPU.Build.0 = Release|Any CPU
		{9C01636B-EB61-4065-84BC-625E48B53BA1}.Release|x64.ActiveCfg = Release|Any CPU
		{9C01636B-EB61-4065-84BC-625E48B53BA1}.Release|x64.Build.0 = Release|Any CPU
		{9C01636B-EB61-4065-84BC-625E48B53BA1}.Release|x86.ActiveCfg = Release|Any CPU
		{9C01636B-EB61-4065-84BC-625E48B53BA1}.Release|x86.Build.0 = Release|Any CPU
		{E76E9D29-AA7B-4991-B074-D34ED61BA1FD}.Debug|Any CPU.ActiveCfg = Debug|Any CPU
		{E76E9D29-AA7B-4991-B074-D34ED61BA1FD}.Debug|Any CPU.Build.0 = Debug|Any CPU
		{E76E9D29-AA7B-4991-B074-D34ED61BA1FD}.Debug|x64.ActiveCfg = Debug|Any CPU
		{E76E9D29-AA7B-4991-B074-D34ED61BA1FD}.Debug|x64.Build.0 = Debug|Any CPU
		{E76E9D29-AA7B-4991-B074-D34ED61BA1FD}.Debug|x86.ActiveCfg = Debug|Any CPU
		{E76E9D29-AA7B-4991-B074-D34ED61BA1FD}.Debug|x86.Build.0 = Debug|Any CPU
		{E76E9D29-AA7B-4991-B074-D34ED61BA1FD}.Release|Any CPU.ActiveCfg = Release|Any CPU
		{E76E9D29-AA7B-4991-B074-D34ED61BA1FD}.Release|Any CPU.Build.0 = Release|Any CPU
		{E76E9D29-AA7B-4991-B074-D34ED61BA1FD}.Release|x64.ActiveCfg = Release|Any CPU
		{E76E9D29-AA7B-4991-B074-D34ED61BA1FD}.Release|x64.Build.0 = Release|Any CPU
		{E76E9D29-AA7B-4991-B074-D34ED61BA1FD}.Release|x86.ActiveCfg = Release|Any CPU
		{E76E9D29-AA7B-4991-B074-D34ED61BA1FD}.Release|x86.Build.0 = Release|Any CPU
		{63F7FF42-841C-46D5-AA06-D061B31EE0C1}.Debug|Any CPU.ActiveCfg = Debug|Any CPU
		{63F7FF42-841C-46D5-AA06-D061B31EE0C1}.Debug|Any CPU.Build.0 = Debug|Any CPU
		{63F7FF42-841C-46D5-AA06-D061B31EE0C1}.Debug|x64.ActiveCfg = Debug|Any CPU
		{63F7FF42-841C-46D5-AA06-D061B31EE0C1}.Debug|x64.Build.0 = Debug|Any CPU
		{63F7FF42-841C-46D5-AA06-D061B31EE0C1}.Debug|x86.ActiveCfg = Debug|Any CPU
		{63F7FF42-841C-46D5-AA06-D061B31EE0C1}.Debug|x86.Build.0 = Debug|Any CPU
		{63F7FF42-841C-46D5-AA06-D061B31EE0C1}.Release|Any CPU.ActiveCfg = Release|Any CPU
		{63F7FF42-841C-46D5-AA06-D061B31EE0C1}.Release|Any CPU.Build.0 = Release|Any CPU
		{63F7FF42-841C-46D5-AA06-D061B31EE0C1}.Release|x64.ActiveCfg = Release|Any CPU
		{63F7FF42-841C-46D5-AA06-D061B31EE0C1}.Release|x64.Build.0 = Release|Any CPU
		{63F7FF42-841C-46D5-AA06-D061B31EE0C1}.Release|x86.ActiveCfg = Release|Any CPU
		{63F7FF42-841C-46D5-AA06-D061B31EE0C1}.Release|x86.Build.0 = Release|Any CPU
		{8D559139-6B72-4AD2-829A-5C74F6698DDB}.Debug|Any CPU.ActiveCfg = Debug|Any CPU
		{8D559139-6B72-4AD2-829A-5C74F6698DDB}.Debug|Any CPU.Build.0 = Debug|Any CPU
		{8D559139-6B72-4AD2-829A-5C74F6698DDB}.Debug|x64.ActiveCfg = Debug|Any CPU
		{8D559139-6B72-4AD2-829A-5C74F6698DDB}.Debug|x64.Build.0 = Debug|Any CPU
		{8D559139-6B72-4AD2-829A-5C74F6698DDB}.Debug|x86.ActiveCfg = Debug|Any CPU
		{8D559139-6B72-4AD2-829A-5C74F6698DDB}.Debug|x86.Build.0 = Debug|Any CPU
		{8D559139-6B72-4AD2-829A-5C74F6698DDB}.Release|Any CPU.ActiveCfg = Release|Any CPU
		{8D559139-6B72-4AD2-829A-5C74F6698DDB}.Release|Any CPU.Build.0 = Release|Any CPU
		{8D559139-6B72-4AD2-829A-5C74F6698DDB}.Release|x64.ActiveCfg = Release|Any CPU
		{8D559139-6B72-4AD2-829A-5C74F6698DDB}.Release|x64.Build.0 = Release|Any CPU
		{8D559139-6B72-4AD2-829A-5C74F6698DDB}.Release|x86.ActiveCfg = Release|Any CPU
		{8D559139-6B72-4AD2-829A-5C74F6698DDB}.Release|x86.Build.0 = Release|Any CPU
		{E0729345-C2E4-4EA7-B82F-C97CE34D3EB1}.Debug|Any CPU.ActiveCfg = Debug|Any CPU
		{E0729345-C2E4-4EA7-B82F-C97CE34D3EB1}.Debug|Any CPU.Build.0 = Debug|Any CPU
		{E0729345-C2E4-4EA7-B82F-C97CE34D3EB1}.Debug|x64.ActiveCfg = Debug|Any CPU
		{E0729345-C2E4-4EA7-B82F-C97CE34D3EB1}.Debug|x64.Build.0 = Debug|Any CPU
		{E0729345-C2E4-4EA7-B82F-C97CE34D3EB1}.Debug|x86.ActiveCfg = Debug|Any CPU
		{E0729345-C2E4-4EA7-B82F-C97CE34D3EB1}.Debug|x86.Build.0 = Debug|Any CPU
		{E0729345-C2E4-4EA7-B82F-C97CE34D3EB1}.Release|Any CPU.ActiveCfg = Release|Any CPU
		{E0729345-C2E4-4EA7-B82F-C97CE34D3EB1}.Release|Any CPU.Build.0 = Release|Any CPU
		{E0729345-C2E4-4EA7-B82F-C97CE34D3EB1}.Release|x64.ActiveCfg = Release|Any CPU
		{E0729345-C2E4-4EA7-B82F-C97CE34D3EB1}.Release|x64.Build.0 = Release|Any CPU
		{E0729345-C2E4-4EA7-B82F-C97CE34D3EB1}.Release|x86.ActiveCfg = Release|Any CPU
		{E0729345-C2E4-4EA7-B82F-C97CE34D3EB1}.Release|x86.Build.0 = Release|Any CPU
		{2639E7C7-A3C9-43BB-85FD-3AA98CB899A9}.Debug|Any CPU.ActiveCfg = Debug|Any CPU
		{2639E7C7-A3C9-43BB-85FD-3AA98CB899A9}.Debug|Any CPU.Build.0 = Debug|Any CPU
		{2639E7C7-A3C9-43BB-85FD-3AA98CB899A9}.Debug|x64.ActiveCfg = Debug|Any CPU
		{2639E7C7-A3C9-43BB-85FD-3AA98CB899A9}.Debug|x64.Build.0 = Debug|Any CPU
		{2639E7C7-A3C9-43BB-85FD-3AA98CB899A9}.Debug|x86.ActiveCfg = Debug|Any CPU
		{2639E7C7-A3C9-43BB-85FD-3AA98CB899A9}.Debug|x86.Build.0 = Debug|Any CPU
		{2639E7C7-A3C9-43BB-85FD-3AA98CB899A9}.Release|Any CPU.ActiveCfg = Release|Any CPU
		{2639E7C7-A3C9-43BB-85FD-3AA98CB899A9}.Release|Any CPU.Build.0 = Release|Any CPU
		{2639E7C7-A3C9-43BB-85FD-3AA98CB899A9}.Release|x64.ActiveCfg = Release|Any CPU
		{2639E7C7-A3C9-43BB-85FD-3AA98CB899A9}.Release|x64.Build.0 = Release|Any CPU
		{2639E7C7-A3C9-43BB-85FD-3AA98CB899A9}.Release|x86.ActiveCfg = Release|Any CPU
		{2639E7C7-A3C9-43BB-85FD-3AA98CB899A9}.Release|x86.Build.0 = Release|Any CPU
		{055D165A-FCC9-4BBF-B852-7B218D884AC4}.Debug|Any CPU.ActiveCfg = Debug|Any CPU
		{055D165A-FCC9-4BBF-B852-7B218D884AC4}.Debug|Any CPU.Build.0 = Debug|Any CPU
		{055D165A-FCC9-4BBF-B852-7B218D884AC4}.Debug|x64.ActiveCfg = Debug|Any CPU
		{055D165A-FCC9-4BBF-B852-7B218D884AC4}.Debug|x64.Build.0 = Debug|Any CPU
		{055D165A-FCC9-4BBF-B852-7B218D884AC4}.Debug|x86.ActiveCfg = Debug|Any CPU
		{055D165A-FCC9-4BBF-B852-7B218D884AC4}.Debug|x86.Build.0 = Debug|Any CPU
		{055D165A-FCC9-4BBF-B852-7B218D884AC4}.Release|Any CPU.ActiveCfg = Release|Any CPU
		{055D165A-FCC9-4BBF-B852-7B218D884AC4}.Release|Any CPU.Build.0 = Release|Any CPU
		{055D165A-FCC9-4BBF-B852-7B218D884AC4}.Release|x64.ActiveCfg = Release|Any CPU
		{055D165A-FCC9-4BBF-B852-7B218D884AC4}.Release|x64.Build.0 = Release|Any CPU
		{055D165A-FCC9-4BBF-B852-7B218D884AC4}.Release|x86.ActiveCfg = Release|Any CPU
		{055D165A-FCC9-4BBF-B852-7B218D884AC4}.Release|x86.Build.0 = Release|Any CPU
		{6D70839F-CEF9-4D7A-9112-8D927DE62E9F}.Debug|Any CPU.ActiveCfg = Debug|Any CPU
		{6D70839F-CEF9-4D7A-9112-8D927DE62E9F}.Debug|Any CPU.Build.0 = Debug|Any CPU
		{6D70839F-CEF9-4D7A-9112-8D927DE62E9F}.Debug|x64.ActiveCfg = Debug|Any CPU
		{6D70839F-CEF9-4D7A-9112-8D927DE62E9F}.Debug|x64.Build.0 = Debug|Any CPU
		{6D70839F-CEF9-4D7A-9112-8D927DE62E9F}.Debug|x86.ActiveCfg = Debug|Any CPU
		{6D70839F-CEF9-4D7A-9112-8D927DE62E9F}.Debug|x86.Build.0 = Debug|Any CPU
		{6D70839F-CEF9-4D7A-9112-8D927DE62E9F}.Release|Any CPU.ActiveCfg = Release|Any CPU
		{6D70839F-CEF9-4D7A-9112-8D927DE62E9F}.Release|Any CPU.Build.0 = Release|Any CPU
		{6D70839F-CEF9-4D7A-9112-8D927DE62E9F}.Release|x64.ActiveCfg = Release|Any CPU
		{6D70839F-CEF9-4D7A-9112-8D927DE62E9F}.Release|x64.Build.0 = Release|Any CPU
		{6D70839F-CEF9-4D7A-9112-8D927DE62E9F}.Release|x86.ActiveCfg = Release|Any CPU
		{6D70839F-CEF9-4D7A-9112-8D927DE62E9F}.Release|x86.Build.0 = Release|Any CPU
		{F49DA261-9138-4C55-9330-C79C06A21324}.Debug|Any CPU.ActiveCfg = Debug|Any CPU
		{F49DA261-9138-4C55-9330-C79C06A21324}.Debug|Any CPU.Build.0 = Debug|Any CPU
		{F49DA261-9138-4C55-9330-C79C06A21324}.Debug|x64.ActiveCfg = Debug|Any CPU
		{F49DA261-9138-4C55-9330-C79C06A21324}.Debug|x64.Build.0 = Debug|Any CPU
		{F49DA261-9138-4C55-9330-C79C06A21324}.Debug|x86.ActiveCfg = Debug|Any CPU
		{F49DA261-9138-4C55-9330-C79C06A21324}.Debug|x86.Build.0 = Debug|Any CPU
		{F49DA261-9138-4C55-9330-C79C06A21324}.Release|Any CPU.ActiveCfg = Release|Any CPU
		{F49DA261-9138-4C55-9330-C79C06A21324}.Release|Any CPU.Build.0 = Release|Any CPU
		{F49DA261-9138-4C55-9330-C79C06A21324}.Release|x64.ActiveCfg = Release|Any CPU
		{F49DA261-9138-4C55-9330-C79C06A21324}.Release|x64.Build.0 = Release|Any CPU
		{F49DA261-9138-4C55-9330-C79C06A21324}.Release|x86.ActiveCfg = Release|Any CPU
		{F49DA261-9138-4C55-9330-C79C06A21324}.Release|x86.Build.0 = Release|Any CPU
		{3438B82B-2070-4954-8416-CC8CFB936902}.Debug|Any CPU.ActiveCfg = Debug|Any CPU
		{3438B82B-2070-4954-8416-CC8CFB936902}.Debug|Any CPU.Build.0 = Debug|Any CPU
		{3438B82B-2070-4954-8416-CC8CFB936902}.Debug|x64.ActiveCfg = Debug|Any CPU
		{3438B82B-2070-4954-8416-CC8CFB936902}.Debug|x64.Build.0 = Debug|Any CPU
		{3438B82B-2070-4954-8416-CC8CFB936902}.Debug|x86.ActiveCfg = Debug|Any CPU
		{3438B82B-2070-4954-8416-CC8CFB936902}.Debug|x86.Build.0 = Debug|Any CPU
		{3438B82B-2070-4954-8416-CC8CFB936902}.Release|Any CPU.ActiveCfg = Release|Any CPU
		{3438B82B-2070-4954-8416-CC8CFB936902}.Release|Any CPU.Build.0 = Release|Any CPU
		{3438B82B-2070-4954-8416-CC8CFB936902}.Release|x64.ActiveCfg = Release|Any CPU
		{3438B82B-2070-4954-8416-CC8CFB936902}.Release|x64.Build.0 = Release|Any CPU
		{3438B82B-2070-4954-8416-CC8CFB936902}.Release|x86.ActiveCfg = Release|Any CPU
		{3438B82B-2070-4954-8416-CC8CFB936902}.Release|x86.Build.0 = Release|Any CPU
		{7F32288B-E44D-4551-81C0-B311EDEE2994}.Debug|Any CPU.ActiveCfg = Debug|Any CPU
		{7F32288B-E44D-4551-81C0-B311EDEE2994}.Debug|Any CPU.Build.0 = Debug|Any CPU
		{7F32288B-E44D-4551-81C0-B311EDEE2994}.Debug|x64.ActiveCfg = Debug|Any CPU
		{7F32288B-E44D-4551-81C0-B311EDEE2994}.Debug|x64.Build.0 = Debug|Any CPU
		{7F32288B-E44D-4551-81C0-B311EDEE2994}.Debug|x86.ActiveCfg = Debug|Any CPU
		{7F32288B-E44D-4551-81C0-B311EDEE2994}.Debug|x86.Build.0 = Debug|Any CPU
		{7F32288B-E44D-4551-81C0-B311EDEE2994}.Release|Any CPU.ActiveCfg = Release|Any CPU
		{7F32288B-E44D-4551-81C0-B311EDEE2994}.Release|Any CPU.Build.0 = Release|Any CPU
		{7F32288B-E44D-4551-81C0-B311EDEE2994}.Release|x64.ActiveCfg = Release|Any CPU
		{7F32288B-E44D-4551-81C0-B311EDEE2994}.Release|x64.Build.0 = Release|Any CPU
		{7F32288B-E44D-4551-81C0-B311EDEE2994}.Release|x86.ActiveCfg = Release|Any CPU
		{7F32288B-E44D-4551-81C0-B311EDEE2994}.Release|x86.Build.0 = Release|Any CPU
		{2F6EDFD3-15CF-4F4D-B123-2E3E229B006D}.Debug|Any CPU.ActiveCfg = Debug|Any CPU
		{2F6EDFD3-15CF-4F4D-B123-2E3E229B006D}.Debug|Any CPU.Build.0 = Debug|Any CPU
		{2F6EDFD3-15CF-4F4D-B123-2E3E229B006D}.Debug|x64.ActiveCfg = Debug|Any CPU
		{2F6EDFD3-15CF-4F4D-B123-2E3E229B006D}.Debug|x64.Build.0 = Debug|Any CPU
		{2F6EDFD3-15CF-4F4D-B123-2E3E229B006D}.Debug|x86.ActiveCfg = Debug|Any CPU
		{2F6EDFD3-15CF-4F4D-B123-2E3E229B006D}.Debug|x86.Build.0 = Debug|Any CPU
		{2F6EDFD3-15CF-4F4D-B123-2E3E229B006D}.Release|Any CPU.ActiveCfg = Release|Any CPU
		{2F6EDFD3-15CF-4F4D-B123-2E3E229B006D}.Release|Any CPU.Build.0 = Release|Any CPU
		{2F6EDFD3-15CF-4F4D-B123-2E3E229B006D}.Release|x64.ActiveCfg = Release|Any CPU
		{2F6EDFD3-15CF-4F4D-B123-2E3E229B006D}.Release|x64.Build.0 = Release|Any CPU
		{2F6EDFD3-15CF-4F4D-B123-2E3E229B006D}.Release|x86.ActiveCfg = Release|Any CPU
		{2F6EDFD3-15CF-4F4D-B123-2E3E229B006D}.Release|x86.Build.0 = Release|Any CPU
		{E2709733-66B2-4AAD-BE2A-6EC724E4E459}.Debug|Any CPU.ActiveCfg = Debug|Any CPU
		{E2709733-66B2-4AAD-BE2A-6EC724E4E459}.Debug|Any CPU.Build.0 = Debug|Any CPU
		{E2709733-66B2-4AAD-BE2A-6EC724E4E459}.Debug|x64.ActiveCfg = Debug|Any CPU
		{E2709733-66B2-4AAD-BE2A-6EC724E4E459}.Debug|x64.Build.0 = Debug|Any CPU
		{E2709733-66B2-4AAD-BE2A-6EC724E4E459}.Debug|x86.ActiveCfg = Debug|Any CPU
		{E2709733-66B2-4AAD-BE2A-6EC724E4E459}.Debug|x86.Build.0 = Debug|Any CPU
		{E2709733-66B2-4AAD-BE2A-6EC724E4E459}.Release|Any CPU.ActiveCfg = Release|Any CPU
		{E2709733-66B2-4AAD-BE2A-6EC724E4E459}.Release|Any CPU.Build.0 = Release|Any CPU
		{E2709733-66B2-4AAD-BE2A-6EC724E4E459}.Release|x64.ActiveCfg = Release|Any CPU
		{E2709733-66B2-4AAD-BE2A-6EC724E4E459}.Release|x64.Build.0 = Release|Any CPU
		{E2709733-66B2-4AAD-BE2A-6EC724E4E459}.Release|x86.ActiveCfg = Release|Any CPU
		{E2709733-66B2-4AAD-BE2A-6EC724E4E459}.Release|x86.Build.0 = Release|Any CPU
	EndGlobalSection
	GlobalSection(SolutionProperties) = preSolution
		HideSolutionNode = FALSE
	EndGlobalSection
	GlobalSection(NestedProjects) = preSolution
		{6006423B-E743-43C9-9AAE-33E5FB58E938} = {02EA681E-C7D8-13C7-8484-4AC65E1B71E8}
		{1D52EA73-6D90-4FAE-BB5C-5F0EA85D0F4E} = {498306CB-235F-4F56-AF30-858D53393C8E}
		{D5EE2246-0A61-4AE6-BA47-D251BD05A89F} = {498306CB-235F-4F56-AF30-858D53393C8E}
		{AEF54451-29CD-46E4-9EC3-AC7F45BB63A6} = {8328A0CD-15BE-42E0-A5DA-7CDFCC255E62}
		{DA43C49C-17E9-4DF2-8ED7-43BBFC5F4F02} = {8328A0CD-15BE-42E0-A5DA-7CDFCC255E62}
		{E5B7A075-D71B-4B6C-99BF-46A77460A9D5} = {1804F179-190B-4746-8E45-117A952CC6B1}
		{1E048780-B931-47FF-B24C-BBC6E274F26D} = {5ADD1E3F-4C5C-4BE4-94D2-995B89DD88C7}
		{702E1E6C-8107-4BF7-8ACE-CEEFEB93AD24} = {4958D7D8-4791-2CCE-6FFA-082B65933577}
		{FED9F320-76D5-45C3-8C4E-AEA29184BEA2} = {1804F179-190B-4746-8E45-117A952CC6B1}
		{F49DA261-9138-4C55-9330-C79C06A21324} = {4958D7D8-4791-2CCE-6FFA-082B65933577}
		{3438B82B-2070-4954-8416-CC8CFB936902} = {8328A0CD-15BE-42E0-A5DA-7CDFCC255E62}
		{7F32288B-E44D-4551-81C0-B311EDEE2994} = {8328A0CD-15BE-42E0-A5DA-7CDFCC255E62}
		{2F6EDFD3-15CF-4F4D-B123-2E3E229B006D} = {1804F179-190B-4746-8E45-117A952CC6B1}
		{E2709733-66B2-4AAD-BE2A-6EC724E4E459} = {4958D7D8-4791-2CCE-6FFA-082B65933577}
		{2F4E7DF8-53FA-4CBB-A103-8C788F81BFBD} = {5ADD1E3F-4C5C-4BE4-94D2-995B89DD88C7}
		{317F6C88-9B9F-4DD4-8B38-2A09A9F6ECA3} = {02EA681E-C7D8-13C7-8484-4AC65E1B71E8}
		{C458E499-7EB6-4621-9AEE-9BEFD9365532} = {1804F179-190B-4746-8E45-117A952CC6B1}
		{AB3BAB6F-2914-4C32-B7EF-37DD5C36416D} = {02EA681E-C7D8-13C7-8484-4AC65E1B71E8}
		{E682BCF6-410E-478A-BCB2-2231AEB1EDBE} = {1C00FB57-26BD-4EA4-BCB2-8D803C428110}
		{B41ED7D0-211A-47EF-A163-D58334A5A1F1} = {1C00FB57-26BD-4EA4-BCB2-8D803C428110}
		{A8EA7C53-9BD1-4BDD-895A-415FB22033D8} = {1C00FB57-26BD-4EA4-BCB2-8D803C428110}
		{934728F1-8E6B-4443-A18D-138F1515F3DE} = {1804F179-190B-4746-8E45-117A952CC6B1}
		{C7FEDCB4-9672-4714-956D-C909CAFB619A} = {1C00FB57-26BD-4EA4-BCB2-8D803C428110}
		{46FF4F06-72FB-4FCE-A092-7FC0199F5701} = {1C00FB57-26BD-4EA4-BCB2-8D803C428110}
		{4D9408B4-F9B1-46B7-8EA8-7CF51BC9A84C} = {1C00FB57-26BD-4EA4-BCB2-8D803C428110}
		{7AC9FB7C-1F33-4895-AB7D-5275EA9A9E99} = {498306CB-235F-4F56-AF30-858D53393C8E}
		{9C01636B-EB61-4065-84BC-625E48B53BA1} = {1804F179-190B-4746-8E45-117A952CC6B1}
		{E76E9D29-AA7B-4991-B074-D34ED61BA1FD} = {A8436469-F4C6-43AF-B172-51CE0C1EA27A}
		{63F7FF42-841C-46D5-AA06-D061B31EE0C1} = {A8436469-F4C6-43AF-B172-51CE0C1EA27A}
		{8D559139-6B72-4AD2-829A-5C74F6698DDB} = {4958D7D8-4791-2CCE-6FFA-082B65933577}
		{E0729345-C2E4-4EA7-B82F-C97CE34D3EB1} = {8328A0CD-15BE-42E0-A5DA-7CDFCC255E62}
		{2639E7C7-A3C9-43BB-85FD-3AA98CB899A9} = {8328A0CD-15BE-42E0-A5DA-7CDFCC255E62}
		{055D165A-FCC9-4BBF-B852-7B218D884AC4} = {1C00FB57-26BD-4EA4-BCB2-8D803C428110}
		{6D70839F-CEF9-4D7A-9112-8D927DE62E9F} = {1804F179-190B-4746-8E45-117A952CC6B1}
	EndGlobalSection
	GlobalSection(ExtensibilityGlobals) = postSolution
		SolutionGuid = {DAFD6FD6-29C1-41F3-8D76-F39BD486EFD3}
	EndGlobalSection
EndGlobal
