
Microsoft Visual Studio Solution File, Format Version 12.00
# Visual Studio Version 17
VisualStudioVersion = 17.14.36616.10
MinimumVisualStudioVersion = 10.0.40219.1
Project("{2150E333-8FDC-42A3-9474-1A3956D46DE8}") = "App", "App", "{02EA681E-C7D8-13C7-8484-4AC65E1B71E8}"
EndProject
Project("{2150E333-8FDC-42A3-9474-1A3956D46DE8}") = "Core", "Core", "{498306CB-235F-4F56-AF30-858D53393C8E}"
EndProject
Project("{2150E333-8FDC-42A3-9474-1A3956D46DE8}") = "Sql", "Sql", "{8328A0CD-15BE-42E0-A5DA-7CDFCC255E62}"
EndProject
Project("{2150E333-8FDC-42A3-9474-1A3956D46DE8}") = "Tests", "Tests", "{1804F179-190B-4746-8E45-117A952CC6B1}"
EndProject
Project("{FAE04EC0-301F-11D3-BF4B-00C04F79EFBC}") = "Diary.App", "Diary.App\Diary.App.csproj", "{6006423B-E743-43C9-9AAE-33E5FB58E938}"
EndProject
Project("{FAE04EC0-301F-11D3-BF4B-00C04F79EFBC}") = "Diary.Core", "Diary.Core\Diary.Core.csproj", "{1D52EA73-6D90-4FAE-BB5C-5F0EA85D0F4E}"
EndProject
Project("{FAE04EC0-301F-11D3-BF4B-00C04F79EFBC}") = "Diary.Database", "Diary.Database\Diary.Database.csproj", "{D5EE2246-0A61-4AE6-BA47-D251BD05A89F}"
EndProject
Project("{FAE04EC0-301F-11D3-BF4B-00C04F79EFBC}") = "Diary.Db.SQLite", "Diary.Db.SQLite\Diary.Db.SQLite.csproj", "{AEF54451-29CD-46E4-9EC3-AC7F45BB63A6}"
EndProject
Project("{FAE04EC0-301F-11D3-BF4B-00C04F79EFBC}") = "Diary.Db.PostgreSQL", "Diary.Db.PostgreSQL\Diary.Db.PostgreSQL.csproj", "{DA43C49C-17E9-4DF2-8ED7-43BBFC5F4F02}"
EndProject
Project("{FAE04EC0-301F-11D3-BF4B-00C04F79EFBC}") = "Diary.UtilTests", "Diary.UtilTests\Diary.UtilTests.csproj", "{E5B7A075-D71B-4B6C-99BF-46A77460A9D5}"
EndProject
Project("{2150E333-8FDC-42A3-9474-1A3956D46DE8}") = "Tools", "Tools", "{5ADD1E3F-4C5C-4BE4-94D2-995B89DD88C7}"
EndProject
Project("{FAE04EC0-301F-11D3-BF4B-00C04F79EFBC}") = "Diary.Utils", "Diary.Utils\Diary.Utils.csproj", "{1E048780-B931-47FF-B24C-BBC6E274F26D}"
EndProject
Project("{2150E333-8FDC-42A3-9474-1A3956D46DE8}") = "Integrations", "Integrations", "{4958D7D8-4791-2CCE-6FFA-082B65933577}"
EndProject
Project("{FAE04EC0-301F-11D3-BF4B-00C04F79EFBC}") = "Diary.RedMine", "Diary.RedMine\Diary.RedMine.csproj", "{702E1E6C-8107-4BF7-8ACE-CEEFEB93AD24}"
EndProject
Global
	GlobalSection(SolutionConfigurationPlatforms) = preSolution
		Debug|Any CPU = Debug|Any CPU
		Release|Any CPU = Release|Any CPU
	EndGlobalSection
	GlobalSection(ProjectConfigurationPlatforms) = postSolution
		{6006423B-E743-43C9-9AAE-33E5FB58E938}.Debug|Any CPU.ActiveCfg = Debug|Any CPU
		{6006423B-E743-43C9-9AAE-33E5FB58E938}.Debug|Any CPU.Build.0 = Debug|Any CPU
		{6006423B-E743-43C9-9AAE-33E5FB58E938}.Release|Any CPU.ActiveCfg = Release|Any CPU
		{6006423B-E743-43C9-9AAE-33E5FB58E938}.Release|Any CPU.Build.0 = Release|Any CPU
		{1D52EA73-6D90-4FAE-BB5C-5F0EA85D0F4E}.Debug|Any CPU.ActiveCfg = Debug|Any CPU
		{1D52EA73-6D90-4FAE-BB5C-5F0EA85D0F4E}.Debug|Any CPU.Build.0 = Debug|Any CPU
		{1D52EA73-6D90-4FAE-BB5C-5F0EA85D0F4E}.Release|Any CPU.ActiveCfg = Release|Any CPU
		{1D52EA73-6D90-4FAE-BB5C-5F0EA85D0F4E}.Release|Any CPU.Build.0 = Release|Any CPU
		{D5EE2246-0A61-4AE6-BA47-D251BD05A89F}.Debug|Any CPU.ActiveCfg = Debug|Any CPU
		{D5EE2246-0A61-4AE6-BA47-D251BD05A89F}.Debug|Any CPU.Build.0 = Debug|Any CPU
		{D5EE2246-0A61-4AE6-BA47-D251BD05A89F}.Release|Any CPU.ActiveCfg = Release|Any CPU
		{D5EE2246-0A61-4AE6-BA47-D251BD05A89F}.Release|Any CPU.Build.0 = Release|Any CPU
		{AEF54451-29CD-46E4-9EC3-AC7F45BB63A6}.Debug|Any CPU.ActiveCfg = Debug|Any CPU
		{AEF54451-29CD-46E4-9EC3-AC7F45BB63A6}.Debug|Any CPU.Build.0 = Debug|Any CPU
		{AEF54451-29CD-46E4-9EC3-AC7F45BB63A6}.Release|Any CPU.ActiveCfg = Release|Any CPU
		{AEF54451-29CD-46E4-9EC3-AC7F45BB63A6}.Release|Any CPU.Build.0 = Release|Any CPU
		{DA43C49C-17E9-4DF2-8ED7-43BBFC5F4F02}.Debug|Any CPU.ActiveCfg = Debug|Any CPU
		{DA43C49C-17E9-4DF2-8ED7-43BBFC5F4F02}.Debug|Any CPU.Build.0 = Debug|Any CPU
		{DA43C49C-17E9-4DF2-8ED7-43BBFC5F4F02}.Release|Any CPU.ActiveCfg = Release|Any CPU
		{DA43C49C-17E9-4DF2-8ED7-43BBFC5F4F02}.Release|Any CPU.Build.0 = Release|Any CPU
		{E5B7A075-D71B-4B6C-99BF-46A77460A9D5}.Debug|Any CPU.ActiveCfg = Debug|Any CPU
		{E5B7A075-D71B-4B6C-99BF-46A77460A9D5}.Debug|Any CPU.Build.0 = Debug|Any CPU
		{E5B7A075-D71B-4B6C-99BF-46A77460A9D5}.Release|Any CPU.ActiveCfg = Release|Any CPU
		{E5B7A075-D71B-4B6C-99BF-46A77460A9D5}.Release|Any CPU.Build.0 = Release|Any CPU
		{1E048780-B931-47FF-B24C-BBC6E274F26D}.Debug|Any CPU.ActiveCfg = Debug|Any CPU
		{1E048780-B931-47FF-B24C-BBC6E274F26D}.Debug|Any CPU.Build.0 = Debug|Any CPU
		{1E048780-B931-47FF-B24C-BBC6E274F26D}.Release|Any CPU.ActiveCfg = Release|Any CPU
		{1E048780-B931-47FF-B24C-BBC6E274F26D}.Release|Any CPU.Build.0 = Release|Any CPU
		{702E1E6C-8107-4BF7-8ACE-CEEFEB93AD24}.Debug|Any CPU.ActiveCfg = Debug|Any CPU
		{702E1E6C-8107-4BF7-8ACE-CEEFEB93AD24}.Debug|Any CPU.Build.0 = Debug|Any CPU
		{702E1E6C-8107-4BF7-8ACE-CEEFEB93AD24}.Release|Any CPU.ActiveCfg = Release|Any CPU
		{702E1E6C-8107-4BF7-8ACE-CEEFEB93AD24}.Release|Any CPU.Build.0 = Release|Any CPU
	EndGlobalSection
	GlobalSection(SolutionProperties) = preSolution
		HideSolutionNode = FALSE
	EndGlobalSection
	GlobalSection(NestedProjects) = preSolution
		{6006423B-E743-43C9-9AAE-33E5FB58E938} = {02EA681E-C7D8-13C7-8484-4AC65E1B71E8}
		{1D52EA73-6D90-4FAE-BB5C-5F0EA85D0F4E} = {498306CB-235F-4F56-AF30-858D53393C8E}
		{D5EE2246-0A61-4AE6-BA47-D251BD05A89F} = {498306CB-235F-4F56-AF30-858D53393C8E}
		{AEF54451-29CD-46E4-9EC3-AC7F45BB63A6} = {8328A0CD-15BE-42E0-A5DA-7CDFCC255E62}
		{DA43C49C-17E9-4DF2-8ED7-43BBFC5F4F02} = {8328A0CD-15BE-42E0-A5DA-7CDFCC255E62}
		{E5B7A075-D71B-4B6C-99BF-46A77460A9D5} = {1804F179-190B-4746-8E45-117A952CC6B1}
		{1E048780-B931-47FF-B24C-BBC6E274F26D} = {5ADD1E3F-4C5C-4BE4-94D2-995B89DD88C7}
		{702E1E6C-8107-4BF7-8ACE-CEEFEB93AD24} = {4958D7D8-4791-2CCE-6FFA-082B65933577}
	EndGlobalSection
	GlobalSection(ExtensibilityGlobals) = postSolution
		SolutionGuid = {DAFD6FD6-29C1-41F3-8D76-F39BD486EFD3}
	EndGlobalSection
EndGlobal
